Microsoft Visual Studio Solution File, Format Version 12.00
# Visual Studio 15
VisualStudioVersion = 15.0.28307.757
MinimumVisualStudioVersion = 10.0.40219.1
Project("{FAE04EC0-301F-11D3-BF4B-00C04F79EFBC}") = "Writing Clean Code", "Writing Clean Code\Writing Clean Code.csproj", "{8E2037BD-AACB-4F6E-9547-0B982F1D10C2}"
EndProject
Project("{FAE04EC0-301F-11D3-BF4B-00C04F79EFBC}") = "WritingCleanCode.UnitTests", "WritingCleanCode.UnitTests\WritingCleanCode.UnitTests.csproj", "{DD559298-42D7-49D3-87F8-2B868DE19AA1}"
EndProject
Global
	GlobalSection(SolutionConfigurationPlatforms) = preSolution
		Debug|Any CPU = Debug|Any CPU
		Release|Any CPU = Release|Any CPU
	EndGlobalSection
	GlobalSection(ProjectConfigurationPlatforms) = postSolution
		{8E2037BD-AACB-4F6E-9547-0B982F1D10C2}.Debug|Any CPU.ActiveCfg = Debug|Any CPU
		{8E2037BD-AACB-4F6E-9547-0B982F1D10C2}.Debug|Any CPU.Build.0 = Debug|Any CPU
		{8E2037BD-AACB-4F6E-9547-0B982F1D10C2}.Release|Any CPU.ActiveCfg = Release|Any CPU
		{8E2037BD-AACB-4F6E-9547-0B982F1D10C2}.Release|Any CPU.Build.0 = Release|Any CPU
		{DD559298-42D7-49D3-87F8-2B868DE19AA1}.Debug|Any CPU.ActiveCfg = Debug|Any CPU
		{DD559298-42D7-49D3-87F8-2B868DE19AA1}.Debug|Any CPU.Build.0 = Debug|Any CPU
		{DD559298-42D7-49D3-87F8-2B868DE19AA1}.Release|Any CPU.ActiveCfg = Release|Any CPU
		{DD559298-42D7-49D3-87F8-2B868DE19AA1}.Release|Any CPU.Build.0 = Release|Any CPU
	EndGlobalSection
	GlobalSection(SolutionProperties) = preSolution
		HideSolutionNode = FALSE
	EndGlobalSection
	GlobalSection(ExtensibilityGlobals) = postSolution
		SolutionGuid = {A0A5B6A8-A3D6-4415-8539-882DEF7A7103}
	EndGlobalSection
EndGlobal
